
Microsoft Visual Studio Solution File, Format Version 12.00
# Visual Studio Version 17
VisualStudioVersion = 17.4.33213.308
MinimumVisualStudioVersion = 10.0.40219.1
Project("{F184B08F-C81C-45F6-A57F-5ABD9991F28F}") = "WinFormsApp1", "WinFormsApp1\WinFormsApp1.vbproj", "{231787E3-1D65-4EE6-A713-EC0C68FB5A24}"
EndProject
Global
	GlobalSection(SolutionConfigurationPlatforms) = preSolution
		Debug|Any CPU = Debug|Any CPU
		Release|Any CPU = Release|Any CPU
	EndGlobalSection
	GlobalSection(ProjectConfigurationPlatforms) = postSolution
		{231787E3-1D65-4EE6-A713-EC0C68FB5A24}.Debug|Any CPU.ActiveCfg = Debug|Any CPU
		{231787E3-1D65-4EE6-A713-EC0C68FB5A24}.Debug|Any CPU.Build.0 = Debug|Any CPU
		{231787E3-1D65-4EE6-A713-EC0C68FB5A24}.Release|Any CPU.ActiveCfg = Release|Any CPU
		{231787E3-1D65-4EE6-A713-EC0C68FB5A24}.Release|Any CPU.Build.0 = Release|Any CPU
	EndGlobalSection
	GlobalSection(SolutionProperties) = preSolution
		HideSolutionNode = FALSE
	EndGlobalSection
	GlobalSection(ExtensibilityGlobals) = postSolution
		SolutionGuid = {DABFCCA3-C193-447E-BB75-086A61F2C0AE}
	EndGlobalSection
EndGlobal
